{
    "_meta": {
        "hash": {
            "sha256": "5c0b2cefb7dd9fb7b7b39c97b3e8f8abfe84f2b9a8929507896414a447a66b5a"
        },
        "pipfile-spec": 6,
        "requires": {
            "python_version": "2.7"
        },
        "sources": [
            {
                "name": "pypi",
                "url": "https://pypi.org/simple",
                "verify_ssl": true
            }
        ]
    },
    "default": {},
    "develop": {}
}
